// !$*UTF8*$!
{
	archiveVersion = 1;
	classes = {
	};
	objectVersion = 56;
	objects = {

/* Begin PBXBuildFile section */
		214609D42A654A5400801FC2 /* EventsRepositoryFailsMock.swift in Sources */ = {isa = PBXBuildFile; fileRef = 214609D32A654A5400801FC2 /* EventsRepositoryFailsMock.swift */; };
		214609D82A654C2900801FC2 /* EventDetailsViewModelIntegrationTests.swift in Sources */ = {isa = PBXBuildFile; fileRef = 214609D72A654C2900801FC2 /* EventDetailsViewModelIntegrationTests.swift */; };
		214609DA2A654CA000801FC2 /* EventDetailsDummyRouter.swift in Sources */ = {isa = PBXBuildFile; fileRef = 214609D92A654CA000801FC2 /* EventDetailsDummyRouter.swift */; };
		214609DC2A654DF800801FC2 /* EventDetailsDummyView.swift in Sources */ = {isa = PBXBuildFile; fileRef = 214609DB2A654DF800801FC2 /* EventDetailsDummyView.swift */; };
		214609DE2A65514100801FC2 /* EventImagesRepositoryFailsMock.swift in Sources */ = {isa = PBXBuildFile; fileRef = 214609DD2A65514100801FC2 /* EventImagesRepositoryFailsMock.swift */; };
		216B106E2A60C9070005BD33 /* AppDelegate.swift in Sources */ = {isa = PBXBuildFile; fileRef = 216B106D2A60C9070005BD33 /* AppDelegate.swift */; };
		216B10702A60C9070005BD33 /* SceneDelegate.swift in Sources */ = {isa = PBXBuildFile; fileRef = 216B106F2A60C9070005BD33 /* SceneDelegate.swift */; };
		216B10772A60C9080005BD33 /* Assets.xcassets in Resources */ = {isa = PBXBuildFile; fileRef = 216B10762A60C9080005BD33 /* Assets.xcassets */; };
		216B107A2A60C9080005BD33 /* LaunchScreen.storyboard in Resources */ = {isa = PBXBuildFile; fileRef = 216B10782A60C9080005BD33 /* LaunchScreen.storyboard */; };
		216B108D2A60DA970005BD33 /* HomeEventsBuilder.swift in Sources */ = {isa = PBXBuildFile; fileRef = 216B108C2A60DA970005BD33 /* HomeEventsBuilder.swift */; };
		216B108F2A60DAA50005BD33 /* HomeEventsRouter.swift in Sources */ = {isa = PBXBuildFile; fileRef = 216B108E2A60DAA50005BD33 /* HomeEventsRouter.swift */; };
		216B10912A60DAC60005BD33 /* HomeEventsViewModel.swift in Sources */ = {isa = PBXBuildFile; fileRef = 216B10902A60DAC60005BD33 /* HomeEventsViewModel.swift */; };
		216B10932A60DB020005BD33 /* HomeEventsViewController.swift in Sources */ = {isa = PBXBuildFile; fileRef = 216B10922A60DB020005BD33 /* HomeEventsViewController.swift */; };
		216B10952A60E1490005BD33 /* Event.swift in Sources */ = {isa = PBXBuildFile; fileRef = 216B10942A60E1490005BD33 /* Event.swift */; };
		216B10992A60E1EC0005BD33 /* EventsRepository.swift in Sources */ = {isa = PBXBuildFile; fileRef = 216B10982A60E1EC0005BD33 /* EventsRepository.swift */; };
		216B109C2A60E3750005BD33 /* EventsRepositoryLocalImpl.swift in Sources */ = {isa = PBXBuildFile; fileRef = 216B109B2A60E3750005BD33 /* EventsRepositoryLocalImpl.swift */; };
		216B109E2A60E3A80005BD33 /* mock.json in Resources */ = {isa = PBXBuildFile; fileRef = 216B109D2A60E3A80005BD33 /* mock.json */; };
		216B10A12A60E5770005BD33 /* GetEventsUseCase.swift in Sources */ = {isa = PBXBuildFile; fileRef = 216B10A02A60E5770005BD33 /* GetEventsUseCase.swift */; };
		216B10A32A60E57D0005BD33 /* GetEventsUseCaseImpl.swift in Sources */ = {isa = PBXBuildFile; fileRef = 216B10A22A60E57D0005BD33 /* GetEventsUseCaseImpl.swift */; };
		216B10A52A60E8CA0005BD33 /* CustomDateFormat.swift in Sources */ = {isa = PBXBuildFile; fileRef = 216B10A42A60E8CA0005BD33 /* CustomDateFormat.swift */; };
		216B10AC2A60FD670005BD33 /* EventTableViewCell.swift in Sources */ = {isa = PBXBuildFile; fileRef = 216B10AB2A60FD670005BD33 /* EventTableViewCell.swift */; };
		216B10AE2A60FF7D0005BD33 /* ReuseIdentifier.swift in Sources */ = {isa = PBXBuildFile; fileRef = 216B10AD2A60FF7D0005BD33 /* ReuseIdentifier.swift */; };
		216B10B02A61003E0005BD33 /* UIView+Extension.swift in Sources */ = {isa = PBXBuildFile; fileRef = 216B10AF2A61003E0005BD33 /* UIView+Extension.swift */; };
		216B10B42A61013A0005BD33 /* Collection+Extension.swift in Sources */ = {isa = PBXBuildFile; fileRef = 216B10B32A61013A0005BD33 /* Collection+Extension.swift */; };
		216B10B72A6103440005BD33 /* CardView.swift in Sources */ = {isa = PBXBuildFile; fileRef = 216B10B62A6103440005BD33 /* CardView.swift */; };
		216B10B92A6107B30005BD33 /* UIColor+Extension.swift in Sources */ = {isa = PBXBuildFile; fileRef = 216B10B82A6107B30005BD33 /* UIColor+Extension.swift */; };
		21721EAA2A652C17008D22E1 /* FilterEventsUseCase.swift in Sources */ = {isa = PBXBuildFile; fileRef = 21721EA92A652C17008D22E1 /* FilterEventsUseCase.swift */; };
		21721EAC2A652C1F008D22E1 /* FilterEventsUseCaseImpl.swift in Sources */ = {isa = PBXBuildFile; fileRef = 21721EAB2A652C1F008D22E1 /* FilterEventsUseCaseImpl.swift */; };
		21721EAE2A6530D7008D22E1 /* EventTableViewCellConflictView.swift in Sources */ = {isa = PBXBuildFile; fileRef = 21721EAD2A6530D7008D22E1 /* EventTableViewCellConflictView.swift */; };
		21721EB12A653C47008D22E1 /* FilterEventsUseCaseTests.swift in Sources */ = {isa = PBXBuildFile; fileRef = 21721EB02A653C47008D22E1 /* FilterEventsUseCaseTests.swift */; };
		2179F0542A612B5700A06653 /* EventDetailsViewController.swift in Sources */ = {isa = PBXBuildFile; fileRef = 2179F0532A612B5700A06653 /* EventDetailsViewController.swift */; };
		2179F0562A612ECF00A06653 /* EventDetailsViewModel.swift in Sources */ = {isa = PBXBuildFile; fileRef = 2179F0552A612ECF00A06653 /* EventDetailsViewModel.swift */; };
		2179F0582A612F0C00A06653 /* EventDetailsRouter.swift in Sources */ = {isa = PBXBuildFile; fileRef = 2179F0572A612F0C00A06653 /* EventDetailsRouter.swift */; };
		2179F05B2A61387400A06653 /* GetImagesOfEventUseCase.swift in Sources */ = {isa = PBXBuildFile; fileRef = 2179F05A2A61387400A06653 /* GetImagesOfEventUseCase.swift */; };
		2179F05D2A61387B00A06653 /* GetImagesOfEventUseCaseImpl.swift in Sources */ = {isa = PBXBuildFile; fileRef = 2179F05C2A61387B00A06653 /* GetImagesOfEventUseCaseImpl.swift */; };
		2179F0602A6139DE00A06653 /* SaveImageOfEventUseCase.swift in Sources */ = {isa = PBXBuildFile; fileRef = 2179F05F2A6139DE00A06653 /* SaveImageOfEventUseCase.swift */; };
		2179F0622A6139F400A06653 /* SaveImageOfEventUseCaseImpl.swift in Sources */ = {isa = PBXBuildFile; fileRef = 2179F0612A6139F400A06653 /* SaveImageOfEventUseCaseImpl.swift */; };
		2179F0642A613A4300A06653 /* EventImagesRepository.swift in Sources */ = {isa = PBXBuildFile; fileRef = 2179F0632A613A4300A06653 /* EventImagesRepository.swift */; };
		2179F0672A613ABF00A06653 /* EventImagesFileManagerRepositoryImpl.swift in Sources */ = {isa = PBXBuildFile; fileRef = 2179F0662A613ABF00A06653 /* EventImagesFileManagerRepositoryImpl.swift */; };
		2179F06A2A61512A00A06653 /* EventDetailsImageCollectionViewCell.swift in Sources */ = {isa = PBXBuildFile; fileRef = 2179F0692A61512A00A06653 /* EventDetailsImageCollectionViewCell.swift */; };
		2179F06E2A61CB7900A06653 /* GenericErrorViewController.swift in Sources */ = {isa = PBXBuildFile; fileRef = 2179F06D2A61CB7900A06653 /* GenericErrorViewController.swift */; };
		2179F0712A61CC3F00A06653 /* GenericErrorView.swift in Sources */ = {isa = PBXBuildFile; fileRef = 2179F0702A61CC3F00A06653 /* GenericErrorView.swift */; };
		2179F0832A61DC2A00A06653 /* CustomFormatterUnitTest.swift in Sources */ = {isa = PBXBuildFile; fileRef = 2179F0822A61DC2A00A06653 /* CustomFormatterUnitTest.swift */; };
		2179F0862A61E30300A06653 /* CollectionExtensionTests.swift in Sources */ = {isa = PBXBuildFile; fileRef = 2179F0852A61E30300A06653 /* CollectionExtensionTests.swift */; };
		2179F08A2A61E45900A06653 /* EventsRepositoryLocal.swift in Sources */ = {isa = PBXBuildFile; fileRef = 2179F0892A61E45900A06653 /* EventsRepositoryLocal.swift */; };
		2179F08C2A61EB7600A06653 /* EventImagesRepositoryTests.swift in Sources */ = {isa = PBXBuildFile; fileRef = 2179F08B2A61EB7600A06653 /* EventImagesRepositoryTests.swift */; };
		2179F0982A61FBBD00A06653 /* GetEventsUseCaseImplTests.swift in Sources */ = {isa = PBXBuildFile; fileRef = 2179F0972A61FBBD00A06653 /* GetEventsUseCaseImplTests.swift */; };
		2179F09B2A61FC6000A06653 /* EventsRepositoryMock.swift in Sources */ = {isa = PBXBuildFile; fileRef = 2179F09A2A61FC6000A06653 /* EventsRepositoryMock.swift */; };
		2179F0A12A61FF0B00A06653 /* SaveImageOfEventUseCaseTests.swift in Sources */ = {isa = PBXBuildFile; fileRef = 2179F0A02A61FF0B00A06653 /* SaveImageOfEventUseCaseTests.swift */; };
		2179F0A62A61FFF200A06653 /* EventImagesRepositoryMock.swift in Sources */ = {isa = PBXBuildFile; fileRef = 2179F0A52A61FFF200A06653 /* EventImagesRepositoryMock.swift */; };
		2179F0AA2A6202A700A06653 /* GetImagesOfEventUseCaseTests.swift in Sources */ = {isa = PBXBuildFile; fileRef = 2179F0A92A6202A700A06653 /* GetImagesOfEventUseCaseTests.swift */; };
		2179F0AD2A62224E00A06653 /* EventSection.swift in Sources */ = {isa = PBXBuildFile; fileRef = 2179F0AC2A62224D00A06653 /* EventSection.swift */; };
		21A98ACC2A612A3000D221F9 /* EventDetailsBuilder.swift in Sources */ = {isa = PBXBuildFile; fileRef = 21A98ACB2A612A3000D221F9 /* EventDetailsBuilder.swift */; };
		21E88B0E2A65435300B20558 /* HomeEventsViewModelIntegrationTest.swift in Sources */ = {isa = PBXBuildFile; fileRef = 21E88B0D2A65435300B20558 /* HomeEventsViewModelIntegrationTest.swift */; };
		21E88B102A6543DA00B20558 /* HomeEventsDummyRouter.swift in Sources */ = {isa = PBXBuildFile; fileRef = 21E88B0F2A6543DA00B20558 /* HomeEventsDummyRouter.swift */; };
		21E88B122A6544E100B20558 /* HomeEventsDummyView.swift in Sources */ = {isa = PBXBuildFile; fileRef = 21E88B112A6544E100B20558 /* HomeEventsDummyView.swift */; };
/* End PBXBuildFile section */

/* Begin PBXContainerItemProxy section */
		2179F07A2A61D99000A06653 /* PBXContainerItemProxy */ = {
			isa = PBXContainerItemProxy;
			containerPortal = 216B10622A60C9070005BD33 /* Project object */;
			proxyType = 1;
			remoteGlobalIDString = 216B10692A60C9070005BD33;
			remoteInfo = "Upcoming Events";
		};
/* End PBXContainerItemProxy section */

/* Begin PBXFileReference section */
		214609D32A654A5400801FC2 /* EventsRepositoryFailsMock.swift */ = {isa = PBXFileReference; lastKnownFileType = sourcecode.swift; path = EventsRepositoryFailsMock.swift; sourceTree = "<group>"; };
		214609D72A654C2900801FC2 /* EventDetailsViewModelIntegrationTests.swift */ = {isa = PBXFileReference; lastKnownFileType = sourcecode.swift; path = EventDetailsViewModelIntegrationTests.swift; sourceTree = "<group>"; };
		214609D92A654CA000801FC2 /* EventDetailsDummyRouter.swift */ = {isa = PBXFileReference; lastKnownFileType = sourcecode.swift; path = EventDetailsDummyRouter.swift; sourceTree = "<group>"; };
		214609DB2A654DF800801FC2 /* EventDetailsDummyView.swift */ = {isa = PBXFileReference; lastKnownFileType = sourcecode.swift; path = EventDetailsDummyView.swift; sourceTree = "<group>"; };
		214609DD2A65514100801FC2 /* EventImagesRepositoryFailsMock.swift */ = {isa = PBXFileReference; lastKnownFileType = sourcecode.swift; path = EventImagesRepositoryFailsMock.swift; sourceTree = "<group>"; };
		216B106A2A60C9070005BD33 /* Upcoming Events.app */ = {isa = PBXFileReference; explicitFileType = wrapper.application; includeInIndex = 0; path = "Upcoming Events.app"; sourceTree = BUILT_PRODUCTS_DIR; };
		216B106D2A60C9070005BD33 /* AppDelegate.swift */ = {isa = PBXFileReference; lastKnownFileType = sourcecode.swift; path = AppDelegate.swift; sourceTree = "<group>"; };
		216B106F2A60C9070005BD33 /* SceneDelegate.swift */ = {isa = PBXFileReference; lastKnownFileType = sourcecode.swift; path = SceneDelegate.swift; sourceTree = "<group>"; };
		216B10762A60C9080005BD33 /* Assets.xcassets */ = {isa = PBXFileReference; lastKnownFileType = folder.assetcatalog; path = Assets.xcassets; sourceTree = "<group>"; };
		216B10792A60C9080005BD33 /* Base */ = {isa = PBXFileReference; lastKnownFileType = file.storyboard; name = Base; path = Base.lproj/LaunchScreen.storyboard; sourceTree = "<group>"; };
		216B107B2A60C9080005BD33 /* Info.plist */ = {isa = PBXFileReference; lastKnownFileType = text.plist.xml; path = Info.plist; sourceTree = "<group>"; };
		216B108C2A60DA970005BD33 /* HomeEventsBuilder.swift */ = {isa = PBXFileReference; lastKnownFileType = sourcecode.swift; path = HomeEventsBuilder.swift; sourceTree = "<group>"; };
		216B108E2A60DAA50005BD33 /* HomeEventsRouter.swift */ = {isa = PBXFileReference; lastKnownFileType = sourcecode.swift; path = HomeEventsRouter.swift; sourceTree = "<group>"; };
		216B10902A60DAC60005BD33 /* HomeEventsViewModel.swift */ = {isa = PBXFileReference; lastKnownFileType = sourcecode.swift; path = HomeEventsViewModel.swift; sourceTree = "<group>"; };
		216B10922A60DB020005BD33 /* HomeEventsViewController.swift */ = {isa = PBXFileReference; lastKnownFileType = sourcecode.swift; path = HomeEventsViewController.swift; sourceTree = "<group>"; };
		216B10942A60E1490005BD33 /* Event.swift */ = {isa = PBXFileReference; lastKnownFileType = sourcecode.swift; path = Event.swift; sourceTree = "<group>"; };
		216B10982A60E1EC0005BD33 /* EventsRepository.swift */ = {isa = PBXFileReference; lastKnownFileType = sourcecode.swift; path = EventsRepository.swift; sourceTree = "<group>"; };
		216B109B2A60E3750005BD33 /* EventsRepositoryLocalImpl.swift */ = {isa = PBXFileReference; lastKnownFileType = sourcecode.swift; path = EventsRepositoryLocalImpl.swift; sourceTree = "<group>"; };
		216B109D2A60E3A80005BD33 /* mock.json */ = {isa = PBXFileReference; fileEncoding = 4; lastKnownFileType = text.json; path = mock.json; sourceTree = "<group>"; };
		216B10A02A60E5770005BD33 /* GetEventsUseCase.swift */ = {isa = PBXFileReference; lastKnownFileType = sourcecode.swift; path = GetEventsUseCase.swift; sourceTree = "<group>"; };
		216B10A22A60E57D0005BD33 /* GetEventsUseCaseImpl.swift */ = {isa = PBXFileReference; lastKnownFileType = sourcecode.swift; path = GetEventsUseCaseImpl.swift; sourceTree = "<group>"; };
		216B10A42A60E8CA0005BD33 /* CustomDateFormat.swift */ = {isa = PBXFileReference; lastKnownFileType = sourcecode.swift; path = CustomDateFormat.swift; sourceTree = "<group>"; };
		216B10AB2A60FD670005BD33 /* EventTableViewCell.swift */ = {isa = PBXFileReference; lastKnownFileType = sourcecode.swift; path = EventTableViewCell.swift; sourceTree = "<group>"; };
		216B10AD2A60FF7D0005BD33 /* ReuseIdentifier.swift */ = {isa = PBXFileReference; lastKnownFileType = sourcecode.swift; path = ReuseIdentifier.swift; sourceTree = "<group>"; };
		216B10AF2A61003E0005BD33 /* UIView+Extension.swift */ = {isa = PBXFileReference; lastKnownFileType = sourcecode.swift; path = "UIView+Extension.swift"; sourceTree = "<group>"; };
		216B10B32A61013A0005BD33 /* Collection+Extension.swift */ = {isa = PBXFileReference; lastKnownFileType = sourcecode.swift; path = "Collection+Extension.swift"; sourceTree = "<group>"; };
		216B10B62A6103440005BD33 /* CardView.swift */ = {isa = PBXFileReference; lastKnownFileType = sourcecode.swift; path = CardView.swift; sourceTree = "<group>"; };
		216B10B82A6107B30005BD33 /* UIColor+Extension.swift */ = {isa = PBXFileReference; lastKnownFileType = sourcecode.swift; path = "UIColor+Extension.swift"; sourceTree = "<group>"; };
		21721EA92A652C17008D22E1 /* FilterEventsUseCase.swift */ = {isa = PBXFileReference; lastKnownFileType = sourcecode.swift; path = FilterEventsUseCase.swift; sourceTree = "<group>"; };
		21721EAB2A652C1F008D22E1 /* FilterEventsUseCaseImpl.swift */ = {isa = PBXFileReference; lastKnownFileType = sourcecode.swift; path = FilterEventsUseCaseImpl.swift; sourceTree = "<group>"; };
		21721EAD2A6530D7008D22E1 /* EventTableViewCellConflictView.swift */ = {isa = PBXFileReference; lastKnownFileType = sourcecode.swift; path = EventTableViewCellConflictView.swift; sourceTree = "<group>"; };
		21721EB02A653C47008D22E1 /* FilterEventsUseCaseTests.swift */ = {isa = PBXFileReference; lastKnownFileType = sourcecode.swift; path = FilterEventsUseCaseTests.swift; sourceTree = "<group>"; };
		2179F0532A612B5700A06653 /* EventDetailsViewController.swift */ = {isa = PBXFileReference; lastKnownFileType = sourcecode.swift; path = EventDetailsViewController.swift; sourceTree = "<group>"; };
		2179F0552A612ECF00A06653 /* EventDetailsViewModel.swift */ = {isa = PBXFileReference; lastKnownFileType = sourcecode.swift; path = EventDetailsViewModel.swift; sourceTree = "<group>"; };
		2179F0572A612F0C00A06653 /* EventDetailsRouter.swift */ = {isa = PBXFileReference; lastKnownFileType = sourcecode.swift; path = EventDetailsRouter.swift; sourceTree = "<group>"; };
		2179F05A2A61387400A06653 /* GetImagesOfEventUseCase.swift */ = {isa = PBXFileReference; lastKnownFileType = sourcecode.swift; path = GetImagesOfEventUseCase.swift; sourceTree = "<group>"; };
		2179F05C2A61387B00A06653 /* GetImagesOfEventUseCaseImpl.swift */ = {isa = PBXFileReference; lastKnownFileType = sourcecode.swift; path = GetImagesOfEventUseCaseImpl.swift; sourceTree = "<group>"; };
		2179F05F2A6139DE00A06653 /* SaveImageOfEventUseCase.swift */ = {isa = PBXFileReference; lastKnownFileType = sourcecode.swift; path = SaveImageOfEventUseCase.swift; sourceTree = "<group>"; };
		2179F0612A6139F400A06653 /* SaveImageOfEventUseCaseImpl.swift */ = {isa = PBXFileReference; lastKnownFileType = sourcecode.swift; path = SaveImageOfEventUseCaseImpl.swift; sourceTree = "<group>"; };
		2179F0632A613A4300A06653 /* EventImagesRepository.swift */ = {isa = PBXFileReference; lastKnownFileType = sourcecode.swift; path = EventImagesRepository.swift; sourceTree = "<group>"; };
		2179F0662A613ABF00A06653 /* EventImagesFileManagerRepositoryImpl.swift */ = {isa = PBXFileReference; lastKnownFileType = sourcecode.swift; path = EventImagesFileManagerRepositoryImpl.swift; sourceTree = "<group>"; };
		2179F0692A61512A00A06653 /* EventDetailsImageCollectionViewCell.swift */ = {isa = PBXFileReference; lastKnownFileType = sourcecode.swift; path = EventDetailsImageCollectionViewCell.swift; sourceTree = "<group>"; };
		2179F06D2A61CB7900A06653 /* GenericErrorViewController.swift */ = {isa = PBXFileReference; lastKnownFileType = sourcecode.swift; path = GenericErrorViewController.swift; sourceTree = "<group>"; };
		2179F0702A61CC3F00A06653 /* GenericErrorView.swift */ = {isa = PBXFileReference; lastKnownFileType = sourcecode.swift; path = GenericErrorView.swift; sourceTree = "<group>"; };
		2179F0762A61D99000A06653 /* Upcoming EventsTests.xctest */ = {isa = PBXFileReference; explicitFileType = wrapper.cfbundle; includeInIndex = 0; path = "Upcoming EventsTests.xctest"; sourceTree = BUILT_PRODUCTS_DIR; };
		2179F0822A61DC2A00A06653 /* CustomFormatterUnitTest.swift */ = {isa = PBXFileReference; lastKnownFileType = sourcecode.swift; path = CustomFormatterUnitTest.swift; sourceTree = "<group>"; };
		2179F0852A61E30300A06653 /* CollectionExtensionTests.swift */ = {isa = PBXFileReference; lastKnownFileType = sourcecode.swift; path = CollectionExtensionTests.swift; sourceTree = "<group>"; };
		2179F0892A61E45900A06653 /* EventsRepositoryLocal.swift */ = {isa = PBXFileReference; lastKnownFileType = sourcecode.swift; path = EventsRepositoryLocal.swift; sourceTree = "<group>"; };
		2179F08B2A61EB7600A06653 /* EventImagesRepositoryTests.swift */ = {isa = PBXFileReference; lastKnownFileType = sourcecode.swift; path = EventImagesRepositoryTests.swift; sourceTree = "<group>"; };
		2179F0972A61FBBD00A06653 /* GetEventsUseCaseImplTests.swift */ = {isa = PBXFileReference; lastKnownFileType = sourcecode.swift; path = GetEventsUseCaseImplTests.swift; sourceTree = "<group>"; };
		2179F09A2A61FC6000A06653 /* EventsRepositoryMock.swift */ = {isa = PBXFileReference; lastKnownFileType = sourcecode.swift; path = EventsRepositoryMock.swift; sourceTree = "<group>"; };
		2179F0A02A61FF0B00A06653 /* SaveImageOfEventUseCaseTests.swift */ = {isa = PBXFileReference; lastKnownFileType = sourcecode.swift; path = SaveImageOfEventUseCaseTests.swift; sourceTree = "<group>"; };
		2179F0A52A61FFF200A06653 /* EventImagesRepositoryMock.swift */ = {isa = PBXFileReference; lastKnownFileType = sourcecode.swift; path = EventImagesRepositoryMock.swift; sourceTree = "<group>"; };
		2179F0A92A6202A700A06653 /* GetImagesOfEventUseCaseTests.swift */ = {isa = PBXFileReference; lastKnownFileType = sourcecode.swift; path = GetImagesOfEventUseCaseTests.swift; sourceTree = "<group>"; };
		2179F0AC2A62224D00A06653 /* EventSection.swift */ = {isa = PBXFileReference; lastKnownFileType = sourcecode.swift; path = EventSection.swift; sourceTree = "<group>"; };
		21A98ACB2A612A3000D221F9 /* EventDetailsBuilder.swift */ = {isa = PBXFileReference; lastKnownFileType = sourcecode.swift; path = EventDetailsBuilder.swift; sourceTree = "<group>"; };
		21E88B0D2A65435300B20558 /* HomeEventsViewModelIntegrationTest.swift */ = {isa = PBXFileReference; lastKnownFileType = sourcecode.swift; path = HomeEventsViewModelIntegrationTest.swift; sourceTree = "<group>"; };
		21E88B0F2A6543DA00B20558 /* HomeEventsDummyRouter.swift */ = {isa = PBXFileReference; lastKnownFileType = sourcecode.swift; path = HomeEventsDummyRouter.swift; sourceTree = "<group>"; };
		21E88B112A6544E100B20558 /* HomeEventsDummyView.swift */ = {isa = PBXFileReference; lastKnownFileType = sourcecode.swift; path = HomeEventsDummyView.swift; sourceTree = "<group>"; };
/* End PBXFileReference section */

/* Begin PBXFrameworksBuildPhase section */
		216B10672A60C9070005BD33 /* Frameworks */ = {
			isa = PBXFrameworksBuildPhase;
			buildActionMask = 2147483647;
			files = (
			);
			runOnlyForDeploymentPostprocessing = 0;
		};
		2179F0732A61D99000A06653 /* Frameworks */ = {
			isa = PBXFrameworksBuildPhase;
			buildActionMask = 2147483647;
			files = (
			);
			runOnlyForDeploymentPostprocessing = 0;
		};
/* End PBXFrameworksBuildPhase section */

/* Begin PBXGroup section */
		216B10612A60C9070005BD33 = {
			isa = PBXGroup;
			children = (
				216B106C2A60C9070005BD33 /* Upcoming Events */,
				2179F0772A61D99000A06653 /* Upcoming EventsTests */,
				216B106B2A60C9070005BD33 /* Products */,
			);
			sourceTree = "<group>";
		};
		216B106B2A60C9070005BD33 /* Products */ = {
			isa = PBXGroup;
			children = (
				216B106A2A60C9070005BD33 /* Upcoming Events.app */,
				2179F0762A61D99000A06653 /* Upcoming EventsTests.xctest */,
			);
			name = Products;
			sourceTree = "<group>";
		};
		216B106C2A60C9070005BD33 /* Upcoming Events */ = {
			isa = PBXGroup;
			children = (
				2179F0922A61F9B500A06653 /* DesingSystem */,
				216B109A2A60E33E0005BD33 /* Utils */,
				216B10872A60D9FE0005BD33 /* UseCases */,
				216B10852A60D6820005BD33 /* Data */,
				216B10842A60D6760005BD33 /* Models */,
				216B10832A60D6700005BD33 /* Modules */,
				216B10822A60D0A40005BD33 /* Resource */,
				216B10812A60CC7B0005BD33 /* AppConfig */,
			);
			path = "Upcoming Events";
			sourceTree = "<group>";
		};
		216B10812A60CC7B0005BD33 /* AppConfig */ = {
			isa = PBXGroup;
			children = (
				216B106D2A60C9070005BD33 /* AppDelegate.swift */,
				216B106F2A60C9070005BD33 /* SceneDelegate.swift */,
			);
			path = AppConfig;
			sourceTree = "<group>";
		};
		216B10822A60D0A40005BD33 /* Resource */ = {
			isa = PBXGroup;
			children = (
				216B109D2A60E3A80005BD33 /* mock.json */,
				216B107B2A60C9080005BD33 /* Info.plist */,
				216B10762A60C9080005BD33 /* Assets.xcassets */,
				216B10782A60C9080005BD33 /* LaunchScreen.storyboard */,
			);
			path = Resource;
			sourceTree = "<group>";
		};
		216B10832A60D6700005BD33 /* Modules */ = {
			isa = PBXGroup;
			children = (
				216B10BA2A6128F10005BD33 /* EventDetails */,
				216B10862A60D9AA0005BD33 /* HomeEvents */,
			);
			path = Modules;
			sourceTree = "<group>";
		};
		216B10842A60D6760005BD33 /* Models */ = {
			isa = PBXGroup;
			children = (
				216B10942A60E1490005BD33 /* Event.swift */,
				2179F0AC2A62224D00A06653 /* EventSection.swift */,
			);
			path = Models;
			sourceTree = "<group>";
		};
		216B10852A60D6820005BD33 /* Data */ = {
			isa = PBXGroup;
			children = (
				216B10962A60E1C30005BD33 /* Repositories */,
			);
			path = Data;
			sourceTree = "<group>";
		};
		216B10862A60D9AA0005BD33 /* HomeEvents */ = {
			isa = PBXGroup;
			children = (
				216B108B2A60DA520005BD33 /* Builder */,
				216B108A2A60DA1F0005BD33 /* Router */,
				216B10892A60DA160005BD33 /* ViewModel */,
				216B10882A60DA100005BD33 /* View */,
			);
			path = HomeEvents;
			sourceTree = "<group>";
		};
		216B10872A60D9FE0005BD33 /* UseCases */ = {
			isa = PBXGroup;
			children = (
				21721EA82A652BF4008D22E1 /* FilterEventsUseCase */,
				2179F05E2A6139B400A06653 /* SaveImageOfEventUseCase */,
				2179F0592A61385900A06653 /* GetImagesOfEventUseCase */,
				216B109F2A60E5640005BD33 /* GetEventsUseCase */,
			);
			path = UseCases;
			sourceTree = "<group>";
		};
		216B10882A60DA100005BD33 /* View */ = {
			isa = PBXGroup;
			children = (
				216B10AA2A60FD380005BD33 /* Cells */,
				216B10922A60DB020005BD33 /* HomeEventsViewController.swift */,
			);
			path = View;
			sourceTree = "<group>";
		};
		216B10892A60DA160005BD33 /* ViewModel */ = {
			isa = PBXGroup;
			children = (
				216B10902A60DAC60005BD33 /* HomeEventsViewModel.swift */,
			);
			path = ViewModel;
			sourceTree = "<group>";
		};
		216B108A2A60DA1F0005BD33 /* Router */ = {
			isa = PBXGroup;
			children = (
				216B108E2A60DAA50005BD33 /* HomeEventsRouter.swift */,
			);
			path = Router;
			sourceTree = "<group>";
		};
		216B108B2A60DA520005BD33 /* Builder */ = {
			isa = PBXGroup;
			children = (
				216B108C2A60DA970005BD33 /* HomeEventsBuilder.swift */,
			);
			path = Builder;
			sourceTree = "<group>";
		};
		216B10962A60E1C30005BD33 /* Repositories */ = {
			isa = PBXGroup;
			children = (
				2179F0652A613A5100A06653 /* EventImagesRepository */,
				216B10972A60E1D40005BD33 /* EventsRepository */,
			);
			path = Repositories;
			sourceTree = "<group>";
		};
		216B10972A60E1D40005BD33 /* EventsRepository */ = {
			isa = PBXGroup;
			children = (
				216B10982A60E1EC0005BD33 /* EventsRepository.swift */,
				216B109B2A60E3750005BD33 /* EventsRepositoryLocalImpl.swift */,
			);
			path = EventsRepository;
			sourceTree = "<group>";
		};
		216B109A2A60E33E0005BD33 /* Utils */ = {
			isa = PBXGroup;
			children = (
				216B10A42A60E8CA0005BD33 /* CustomDateFormat.swift */,
				216B10AD2A60FF7D0005BD33 /* ReuseIdentifier.swift */,
				216B10AF2A61003E0005BD33 /* UIView+Extension.swift */,
				216B10B32A61013A0005BD33 /* Collection+Extension.swift */,
				216B10B82A6107B30005BD33 /* UIColor+Extension.swift */,
			);
			path = Utils;
			sourceTree = "<group>";
		};
		216B109F2A60E5640005BD33 /* GetEventsUseCase */ = {
			isa = PBXGroup;
			children = (
				216B10A02A60E5770005BD33 /* GetEventsUseCase.swift */,
				216B10A22A60E57D0005BD33 /* GetEventsUseCaseImpl.swift */,
			);
			path = GetEventsUseCase;
			sourceTree = "<group>";
		};
		216B10AA2A60FD380005BD33 /* Cells */ = {
			isa = PBXGroup;
			children = (
				216B10AB2A60FD670005BD33 /* EventTableViewCell.swift */,
				21721EAD2A6530D7008D22E1 /* EventTableViewCellConflictView.swift */,
			);
			path = Cells;
			sourceTree = "<group>";
		};
		216B10BA2A6128F10005BD33 /* EventDetails */ = {
			isa = PBXGroup;
			children = (
				216B10BE2A61291A0005BD33 /* View */,
				216B10BD2A61290F0005BD33 /* ViewModel */,
				216B10BC2A6129030005BD33 /* Router */,
				216B10BB2A6128FC0005BD33 /* Builder */,
			);
			path = EventDetails;
			sourceTree = "<group>";
		};
		216B10BB2A6128FC0005BD33 /* Builder */ = {
			isa = PBXGroup;
			children = (
				21A98ACB2A612A3000D221F9 /* EventDetailsBuilder.swift */,
			);
			path = Builder;
			sourceTree = "<group>";
		};
		216B10BC2A6129030005BD33 /* Router */ = {
			isa = PBXGroup;
			children = (
				2179F0572A612F0C00A06653 /* EventDetailsRouter.swift */,
			);
			path = Router;
			sourceTree = "<group>";
		};
		216B10BD2A61290F0005BD33 /* ViewModel */ = {
			isa = PBXGroup;
			children = (
				2179F0552A612ECF00A06653 /* EventDetailsViewModel.swift */,
			);
			path = ViewModel;
			sourceTree = "<group>";
		};
		216B10BE2A61291A0005BD33 /* View */ = {
			isa = PBXGroup;
			children = (
				2179F0682A61511000A06653 /* Cells */,
				2179F0532A612B5700A06653 /* EventDetailsViewController.swift */,
			);
			path = View;
			sourceTree = "<group>";
		};
		21721EA82A652BF4008D22E1 /* FilterEventsUseCase */ = {
			isa = PBXGroup;
			children = (
				21721EA92A652C17008D22E1 /* FilterEventsUseCase.swift */,
				21721EAB2A652C1F008D22E1 /* FilterEventsUseCaseImpl.swift */,
			);
			path = FilterEventsUseCase;
			sourceTree = "<group>";
		};
		21721EAF2A653C22008D22E1 /* FilterEventsUseCase */ = {
			isa = PBXGroup;
			children = (
				21721EB02A653C47008D22E1 /* FilterEventsUseCaseTests.swift */,
			);
			path = FilterEventsUseCase;
			sourceTree = "<group>";
		};
		2179F0592A61385900A06653 /* GetImagesOfEventUseCase */ = {
			isa = PBXGroup;
			children = (
				2179F05A2A61387400A06653 /* GetImagesOfEventUseCase.swift */,
				2179F05C2A61387B00A06653 /* GetImagesOfEventUseCaseImpl.swift */,
			);
			path = GetImagesOfEventUseCase;
			sourceTree = "<group>";
		};
		2179F05E2A6139B400A06653 /* SaveImageOfEventUseCase */ = {
			isa = PBXGroup;
			children = (
				2179F05F2A6139DE00A06653 /* SaveImageOfEventUseCase.swift */,
				2179F0612A6139F400A06653 /* SaveImageOfEventUseCaseImpl.swift */,
			);
			path = SaveImageOfEventUseCase;
			sourceTree = "<group>";
		};
		2179F0652A613A5100A06653 /* EventImagesRepository */ = {
			isa = PBXGroup;
			children = (
				2179F0632A613A4300A06653 /* EventImagesRepository.swift */,
				2179F0662A613ABF00A06653 /* EventImagesFileManagerRepositoryImpl.swift */,
			);
			path = EventImagesRepository;
			sourceTree = "<group>";
		};
		2179F0682A61511000A06653 /* Cells */ = {
			isa = PBXGroup;
			children = (
				2179F0692A61512A00A06653 /* EventDetailsImageCollectionViewCell.swift */,
			);
			path = Cells;
			sourceTree = "<group>";
		};
		2179F06F2A61CB9800A06653 /* GenericError */ = {
			isa = PBXGroup;
			children = (
				2179F06D2A61CB7900A06653 /* GenericErrorViewController.swift */,
				2179F0702A61CC3F00A06653 /* GenericErrorView.swift */,
			);
			path = GenericError;
			sourceTree = "<group>";
		};
		2179F0772A61D99000A06653 /* Upcoming EventsTests */ = {
			isa = PBXGroup;
			children = (
				2179F0A42A61FFB000A06653 /* Mocks */,
				2179F0802A61DBC300A06653 /* Integration */,
				2179F07F2A61DBBB00A06653 /* Unit */,
			);
			path = "Upcoming EventsTests";
			sourceTree = "<group>";
		};
		2179F07F2A61DBBB00A06653 /* Unit */ = {
			isa = PBXGroup;
			children = (
				2179F0932A61FA1800A06653 /* UseCases */,
				2179F0872A61E40F00A06653 /* Repositories */,
				2179F0842A61E2ED00A06653 /* Extensions */,
				2179F0812A61DC0100A06653 /* CustomFormatter */,
			);
			path = Unit;
			sourceTree = "<group>";
		};
		2179F0802A61DBC300A06653 /* Integration */ = {
			isa = PBXGroup;
			children = (
				21E88B0C2A65432500B20558 /* EventDetails */,
				2179F0AB2A6204E600A06653 /* HomeEvents */,
			);
			path = Integration;
			sourceTree = "<group>";
		};
		2179F0812A61DC0100A06653 /* CustomFormatter */ = {
			isa = PBXGroup;
			children = (
				2179F0822A61DC2A00A06653 /* CustomFormatterUnitTest.swift */,
			);
			path = CustomFormatter;
			sourceTree = "<group>";
		};
		2179F0842A61E2ED00A06653 /* Extensions */ = {
			isa = PBXGroup;
			children = (
				2179F0852A61E30300A06653 /* CollectionExtensionTests.swift */,
			);
			path = Extensions;
			sourceTree = "<group>";
		};
		2179F0872A61E40F00A06653 /* Repositories */ = {
			isa = PBXGroup;
			children = (
				2179F08D2A61F72B00A06653 /* EventImagesRepository */,
				2179F0882A61E41800A06653 /* EventsRepositoryLocal */,
			);
			path = Repositories;
			sourceTree = "<group>";
		};
		2179F0882A61E41800A06653 /* EventsRepositoryLocal */ = {
			isa = PBXGroup;
			children = (
				2179F0892A61E45900A06653 /* EventsRepositoryLocal.swift */,
			);
			path = EventsRepositoryLocal;
			sourceTree = "<group>";
		};
		2179F08D2A61F72B00A06653 /* EventImagesRepository */ = {
			isa = PBXGroup;
			children = (
				2179F08B2A61EB7600A06653 /* EventImagesRepositoryTests.swift */,
			);
			path = EventImagesRepository;
			sourceTree = "<group>";
		};
		2179F0922A61F9B500A06653 /* DesingSystem */ = {
			isa = PBXGroup;
			children = (
				2179F06F2A61CB9800A06653 /* GenericError */,
				216B10B62A6103440005BD33 /* CardView.swift */,
			);
			path = DesingSystem;
			sourceTree = "<group>";
		};
		2179F0932A61FA1800A06653 /* UseCases */ = {
			isa = PBXGroup;
			children = (
				21721EAF2A653C22008D22E1 /* FilterEventsUseCase */,
				2179F09D2A61FD7400A06653 /* GetImagesOfEventUseCase */,
				2179F09C2A61FD6D00A06653 /* SaveImageOfEventUseCase */,
				2179F0942A61FB7C00A06653 /* GetEventsUseCase */,
			);
			path = UseCases;
			sourceTree = "<group>";
		};
		2179F0942A61FB7C00A06653 /* GetEventsUseCase */ = {
			isa = PBXGroup;
			children = (
				2179F0972A61FBBD00A06653 /* GetEventsUseCaseImplTests.swift */,
			);
			path = GetEventsUseCase;
			sourceTree = "<group>";
		};
		2179F09C2A61FD6D00A06653 /* SaveImageOfEventUseCase */ = {
			isa = PBXGroup;
			children = (
				2179F0A02A61FF0B00A06653 /* SaveImageOfEventUseCaseTests.swift */,
			);
			path = SaveImageOfEventUseCase;
			sourceTree = "<group>";
		};
		2179F09D2A61FD7400A06653 /* GetImagesOfEventUseCase */ = {
			isa = PBXGroup;
			children = (
				2179F0A92A6202A700A06653 /* GetImagesOfEventUseCaseTests.swift */,
			);
			path = GetImagesOfEventUseCase;
			sourceTree = "<group>";
		};
		2179F0A42A61FFB000A06653 /* Mocks */ = {
			isa = PBXGroup;
			children = (
				2179F09A2A61FC6000A06653 /* EventsRepositoryMock.swift */,
				2179F0A52A61FFF200A06653 /* EventImagesRepositoryMock.swift */,
				21E88B0F2A6543DA00B20558 /* HomeEventsDummyRouter.swift */,
				21E88B112A6544E100B20558 /* HomeEventsDummyView.swift */,
				214609D32A654A5400801FC2 /* EventsRepositoryFailsMock.swift */,
				214609D92A654CA000801FC2 /* EventDetailsDummyRouter.swift */,
				214609DB2A654DF800801FC2 /* EventDetailsDummyView.swift */,
				214609DD2A65514100801FC2 /* EventImagesRepositoryFailsMock.swift */,
			);
			path = Mocks;
			sourceTree = "<group>";
		};
		2179F0AB2A6204E600A06653 /* HomeEvents */ = {
			isa = PBXGroup;
			children = (
				21E88B0D2A65435300B20558 /* HomeEventsViewModelIntegrationTest.swift */,
			);
			path = HomeEvents;
			sourceTree = "<group>";
		};
		21E88B0C2A65432500B20558 /* EventDetails */ = {
			isa = PBXGroup;
			children = (
				214609D72A654C2900801FC2 /* EventDetailsViewModelIntegrationTests.swift */,
			);
			path = EventDetails;
			sourceTree = "<group>";
		};
/* End PBXGroup section */

/* Begin PBXNativeTarget section */
		216B10692A60C9070005BD33 /* Upcoming Events */ = {
			isa = PBXNativeTarget;
			buildConfigurationList = 216B107E2A60C9080005BD33 /* Build configuration list for PBXNativeTarget "Upcoming Events" */;
			buildPhases = (
				216B10662A60C9070005BD33 /* Sources */,
				216B10672A60C9070005BD33 /* Frameworks */,
				216B10682A60C9070005BD33 /* Resources */,
			);
			buildRules = (
			);
			dependencies = (
			);
			name = "Upcoming Events";
			productName = "Upcoming Events";
			productReference = 216B106A2A60C9070005BD33 /* Upcoming Events.app */;
			productType = "com.apple.product-type.application";
		};
		2179F0752A61D99000A06653 /* Upcoming EventsTests */ = {
			isa = PBXNativeTarget;
			buildConfigurationList = 2179F07C2A61D99000A06653 /* Build configuration list for PBXNativeTarget "Upcoming EventsTests" */;
			buildPhases = (
				2179F0722A61D99000A06653 /* Sources */,
				2179F0732A61D99000A06653 /* Frameworks */,
				2179F0742A61D99000A06653 /* Resources */,
			);
			buildRules = (
			);
			dependencies = (
				2179F07B2A61D99000A06653 /* PBXTargetDependency */,
			);
			name = "Upcoming EventsTests";
			productName = "Upcoming EventsTests";
			productReference = 2179F0762A61D99000A06653 /* Upcoming EventsTests.xctest */;
			productType = "com.apple.product-type.bundle.unit-test";
		};
/* End PBXNativeTarget section */

/* Begin PBXProject section */
		216B10622A60C9070005BD33 /* Project object */ = {
			isa = PBXProject;
			attributes = {
				BuildIndependentTargetsInParallel = 1;
				LastSwiftUpdateCheck = 1430;
				LastUpgradeCheck = 1430;
				TargetAttributes = {
					216B10692A60C9070005BD33 = {
						CreatedOnToolsVersion = 14.3.1;
					};
					2179F0752A61D99000A06653 = {
						CreatedOnToolsVersion = 14.3.1;
						TestTargetID = 216B10692A60C9070005BD33;
					};
				};
			};
			buildConfigurationList = 216B10652A60C9070005BD33 /* Build configuration list for PBXProject "Upcoming Events" */;
			compatibilityVersion = "Xcode 14.0";
			developmentRegion = en;
			hasScannedForEncodings = 0;
			knownRegions = (
				en,
				Base,
			);
			mainGroup = 216B10612A60C9070005BD33;
			productRefGroup = 216B106B2A60C9070005BD33 /* Products */;
			projectDirPath = "";
			projectRoot = "";
			targets = (
				216B10692A60C9070005BD33 /* Upcoming Events */,
				2179F0752A61D99000A06653 /* Upcoming EventsTests */,
			);
		};
/* End PBXProject section */

/* Begin PBXResourcesBuildPhase section */
		216B10682A60C9070005BD33 /* Resources */ = {
			isa = PBXResourcesBuildPhase;
			buildActionMask = 2147483647;
			files = (
				216B107A2A60C9080005BD33 /* LaunchScreen.storyboard in Resources */,
				216B10772A60C9080005BD33 /* Assets.xcassets in Resources */,
				216B109E2A60E3A80005BD33 /* mock.json in Resources */,
			);
			runOnlyForDeploymentPostprocessing = 0;
		};
		2179F0742A61D99000A06653 /* Resources */ = {
			isa = PBXResourcesBuildPhase;
			buildActionMask = 2147483647;
			files = (
			);
			runOnlyForDeploymentPostprocessing = 0;
		};
/* End PBXResourcesBuildPhase section */

/* Begin PBXSourcesBuildPhase section */
		216B10662A60C9070005BD33 /* Sources */ = {
			isa = PBXSourcesBuildPhase;
			buildActionMask = 2147483647;
			files = (
				216B108F2A60DAA50005BD33 /* HomeEventsRouter.swift in Sources */,
				216B10A32A60E57D0005BD33 /* GetEventsUseCaseImpl.swift in Sources */,
				216B10A12A60E5770005BD33 /* GetEventsUseCase.swift in Sources */,
				2179F0672A613ABF00A06653 /* EventImagesFileManagerRepositoryImpl.swift in Sources */,
				21A98ACC2A612A3000D221F9 /* EventDetailsBuilder.swift in Sources */,
				21721EAE2A6530D7008D22E1 /* EventTableViewCellConflictView.swift in Sources */,
				2179F0582A612F0C00A06653 /* EventDetailsRouter.swift in Sources */,
				216B10AC2A60FD670005BD33 /* EventTableViewCell.swift in Sources */,
				2179F0622A6139F400A06653 /* SaveImageOfEventUseCaseImpl.swift in Sources */,
				216B10A52A60E8CA0005BD33 /* CustomDateFormat.swift in Sources */,
				2179F06E2A61CB7900A06653 /* GenericErrorViewController.swift in Sources */,
				21721EAC2A652C1F008D22E1 /* FilterEventsUseCaseImpl.swift in Sources */,
				2179F0562A612ECF00A06653 /* EventDetailsViewModel.swift in Sources */,
				216B10912A60DAC60005BD33 /* HomeEventsViewModel.swift in Sources */,
				216B106E2A60C9070005BD33 /* AppDelegate.swift in Sources */,
				216B10B72A6103440005BD33 /* CardView.swift in Sources */,
				216B10B42A61013A0005BD33 /* Collection+Extension.swift in Sources */,
				216B10B02A61003E0005BD33 /* UIView+Extension.swift in Sources */,
				216B10AE2A60FF7D0005BD33 /* ReuseIdentifier.swift in Sources */,
				216B10702A60C9070005BD33 /* SceneDelegate.swift in Sources */,
				216B10932A60DB020005BD33 /* HomeEventsViewController.swift in Sources */,
				2179F0712A61CC3F00A06653 /* GenericErrorView.swift in Sources */,
				216B10952A60E1490005BD33 /* Event.swift in Sources */,
				216B10992A60E1EC0005BD33 /* EventsRepository.swift in Sources */,
				21721EAA2A652C17008D22E1 /* FilterEventsUseCase.swift in Sources */,
				2179F0AD2A62224E00A06653 /* EventSection.swift in Sources */,
				216B109C2A60E3750005BD33 /* EventsRepositoryLocalImpl.swift in Sources */,
				2179F05B2A61387400A06653 /* GetImagesOfEventUseCase.swift in Sources */,
				2179F0602A6139DE00A06653 /* SaveImageOfEventUseCase.swift in Sources */,
				216B108D2A60DA970005BD33 /* HomeEventsBuilder.swift in Sources */,
				2179F0542A612B5700A06653 /* EventDetailsViewController.swift in Sources */,
				2179F06A2A61512A00A06653 /* EventDetailsImageCollectionViewCell.swift in Sources */,
				2179F05D2A61387B00A06653 /* GetImagesOfEventUseCaseImpl.swift in Sources */,
				2179F0642A613A4300A06653 /* EventImagesRepository.swift in Sources */,
				216B10B92A6107B30005BD33 /* UIColor+Extension.swift in Sources */,
			);
			runOnlyForDeploymentPostprocessing = 0;
		};
		2179F0722A61D99000A06653 /* Sources */ = {
			isa = PBXSourcesBuildPhase;
			buildActionMask = 2147483647;
			files = (
				2179F0832A61DC2A00A06653 /* CustomFormatterUnitTest.swift in Sources */,
				2179F0982A61FBBD00A06653 /* GetEventsUseCaseImplTests.swift in Sources */,
				214609D82A654C2900801FC2 /* EventDetailsViewModelIntegrationTests.swift in Sources */,
				2179F0AA2A6202A700A06653 /* GetImagesOfEventUseCaseTests.swift in Sources */,
				2179F0A12A61FF0B00A06653 /* SaveImageOfEventUseCaseTests.swift in Sources */,
				21E88B122A6544E100B20558 /* HomeEventsDummyView.swift in Sources */,
				2179F09B2A61FC6000A06653 /* EventsRepositoryMock.swift in Sources */,
				2179F0A62A61FFF200A06653 /* EventImagesRepositoryMock.swift in Sources */,
				2179F08A2A61E45900A06653 /* EventsRepositoryLocal.swift in Sources */,
				214609DC2A654DF800801FC2 /* EventDetailsDummyView.swift in Sources */,
				214609D42A654A5400801FC2 /* EventsRepositoryFailsMock.swift in Sources */,
				21E88B0E2A65435300B20558 /* HomeEventsViewModelIntegrationTest.swift in Sources */,
				214609DE2A65514100801FC2 /* EventImagesRepositoryFailsMock.swift in Sources */,
				2179F08C2A61EB7600A06653 /* EventImagesRepositoryTests.swift in Sources */,
				21E88B102A6543DA00B20558 /* HomeEventsDummyRouter.swift in Sources */,
				214609DA2A654CA000801FC2 /* EventDetailsDummyRouter.swift in Sources */,
				21721EB12A653C47008D22E1 /* FilterEventsUseCaseTests.swift in Sources */,
				2179F0862A61E30300A06653 /* CollectionExtensionTests.swift in Sources */,
			);
			runOnlyForDeploymentPostprocessing = 0;
		};
/* End PBXSourcesBuildPhase section */

/* Begin PBXTargetDependency section */
		2179F07B2A61D99000A06653 /* PBXTargetDependency */ = {
			isa = PBXTargetDependency;
			target = 216B10692A60C9070005BD33 /* Upcoming Events */;
			targetProxy = 2179F07A2A61D99000A06653 /* PBXContainerItemProxy */;
		};
/* End PBXTargetDependency section */

/* Begin PBXVariantGroup section */
		216B10782A60C9080005BD33 /* LaunchScreen.storyboard */ = {
			isa = PBXVariantGroup;
			children = (
				216B10792A60C9080005BD33 /* Base */,
			);
			name = LaunchScreen.storyboard;
			sourceTree = "<group>";
		};
/* End PBXVariantGroup section */

/* Begin XCBuildConfiguration section */
		216B107C2A60C9080005BD33 /* Debug */ = {
			isa = XCBuildConfiguration;
			buildSettings = {
				ALWAYS_SEARCH_USER_PATHS = NO;
				CLANG_ANALYZER_NONNULL = YES;
				CLANG_ANALYZER_NUMBER_OBJECT_CONVERSION = YES_AGGRESSIVE;
				CLANG_CXX_LANGUAGE_STANDARD = "gnu++20";
				CLANG_ENABLE_MODULES = YES;
				CLANG_ENABLE_OBJC_ARC = YES;
				CLANG_ENABLE_OBJC_WEAK = YES;
				CLANG_WARN_BLOCK_CAPTURE_AUTORELEASING = YES;
				CLANG_WARN_BOOL_CONVERSION = YES;
				CLANG_WARN_COMMA = YES;
				CLANG_WARN_CONSTANT_CONVERSION = YES;
				CLANG_WARN_DEPRECATED_OBJC_IMPLEMENTATIONS = YES;
				CLANG_WARN_DIRECT_OBJC_ISA_USAGE = YES_ERROR;
				CLANG_WARN_DOCUMENTATION_COMMENTS = YES;
				CLANG_WARN_EMPTY_BODY = YES;
				CLANG_WARN_ENUM_CONVERSION = YES;
				CLANG_WARN_INFINITE_RECURSION = YES;
				CLANG_WARN_INT_CONVERSION = YES;
				CLANG_WARN_NON_LITERAL_NULL_CONVERSION = YES;
				CLANG_WARN_OBJC_IMPLICIT_RETAIN_SELF = YES;
				CLANG_WARN_OBJC_LITERAL_CONVERSION = YES;
				CLANG_WARN_OBJC_ROOT_CLASS = YES_ERROR;
				CLANG_WARN_QUOTED_INCLUDE_IN_FRAMEWORK_HEADER = YES;
				CLANG_WARN_RANGE_LOOP_ANALYSIS = YES;
				CLANG_WARN_STRICT_PROTOTYPES = YES;
				CLANG_WARN_SUSPICIOUS_MOVE = YES;
				CLANG_WARN_UNGUARDED_AVAILABILITY = YES_AGGRESSIVE;
				CLANG_WARN_UNREACHABLE_CODE = YES;
				CLANG_WARN__DUPLICATE_METHOD_MATCH = YES;
				COPY_PHASE_STRIP = NO;
				DEBUG_INFORMATION_FORMAT = dwarf;
				ENABLE_STRICT_OBJC_MSGSEND = YES;
				ENABLE_TESTABILITY = YES;
				GCC_C_LANGUAGE_STANDARD = gnu11;
				GCC_DYNAMIC_NO_PIC = NO;
				GCC_NO_COMMON_BLOCKS = YES;
				GCC_OPTIMIZATION_LEVEL = 0;
				GCC_PREPROCESSOR_DEFINITIONS = (
					"DEBUG=1",
					"$(inherited)",
				);
				GCC_WARN_64_TO_32_BIT_CONVERSION = YES;
				GCC_WARN_ABOUT_RETURN_TYPE = YES_ERROR;
				GCC_WARN_UNDECLARED_SELECTOR = YES;
				GCC_WARN_UNINITIALIZED_AUTOS = YES_AGGRESSIVE;
				GCC_WARN_UNUSED_FUNCTION = YES;
				GCC_WARN_UNUSED_VARIABLE = YES;
				IPHONEOS_DEPLOYMENT_TARGET = 16.4;
				MTL_ENABLE_DEBUG_INFO = INCLUDE_SOURCE;
				MTL_FAST_MATH = YES;
				ONLY_ACTIVE_ARCH = YES;
				SDKROOT = iphoneos;
				SWIFT_ACTIVE_COMPILATION_CONDITIONS = DEBUG;
				SWIFT_OPTIMIZATION_LEVEL = "-Onone";
			};
			name = Debug;
		};
		216B107D2A60C9080005BD33 /* Release */ = {
			isa = XCBuildConfiguration;
			buildSettings = {
				ALWAYS_SEARCH_USER_PATHS = NO;
				CLANG_ANALYZER_NONNULL = YES;
				CLANG_ANALYZER_NUMBER_OBJECT_CONVERSION = YES_AGGRESSIVE;
				CLANG_CXX_LANGUAGE_STANDARD = "gnu++20";
				CLANG_ENABLE_MODULES = YES;
				CLANG_ENABLE_OBJC_ARC = YES;
				CLANG_ENABLE_OBJC_WEAK = YES;
				CLANG_WARN_BLOCK_CAPTURE_AUTORELEASING = YES;
				CLANG_WARN_BOOL_CONVERSION = YES;
				CLANG_WARN_COMMA = YES;
				CLANG_WARN_CONSTANT_CONVERSION = YES;
				CLANG_WARN_DEPRECATED_OBJC_IMPLEMENTATIONS = YES;
				CLANG_WARN_DIRECT_OBJC_ISA_USAGE = YES_ERROR;
				CLANG_WARN_DOCUMENTATION_COMMENTS = YES;
				CLANG_WARN_EMPTY_BODY = YES;
				CLANG_WARN_ENUM_CONVERSION = YES;
				CLANG_WARN_INFINITE_RECURSION = YES;
				CLANG_WARN_INT_CONVERSION = YES;
				CLANG_WARN_NON_LITERAL_NULL_CONVERSION = YES;
				CLANG_WARN_OBJC_IMPLICIT_RETAIN_SELF = YES;
				CLANG_WARN_OBJC_LITERAL_CONVERSION = YES;
				CLANG_WARN_OBJC_ROOT_CLASS = YES_ERROR;
				CLANG_WARN_QUOTED_INCLUDE_IN_FRAMEWORK_HEADER = YES;
				CLANG_WARN_RANGE_LOOP_ANALYSIS = YES;
				CLANG_WARN_STRICT_PROTOTYPES = YES;
				CLANG_WARN_SUSPICIOUS_MOVE = YES;
				CLANG_WARN_UNGUARDED_AVAILABILITY = YES_AGGRESSIVE;
				CLANG_WARN_UNREACHABLE_CODE = YES;
				CLANG_WARN__DUPLICATE_METHOD_MATCH = YES;
				COPY_PHASE_STRIP = NO;
				DEBUG_INFORMATION_FORMAT = "dwarf-with-dsym";
				ENABLE_NS_ASSERTIONS = NO;
				ENABLE_STRICT_OBJC_MSGSEND = YES;
				GCC_C_LANGUAGE_STANDARD = gnu11;
				GCC_NO_COMMON_BLOCKS = YES;
				GCC_WARN_64_TO_32_BIT_CONVERSION = YES;
				GCC_WARN_ABOUT_RETURN_TYPE = YES_ERROR;
				GCC_WARN_UNDECLARED_SELECTOR = YES;
				GCC_WARN_UNINITIALIZED_AUTOS = YES_AGGRESSIVE;
				GCC_WARN_UNUSED_FUNCTION = YES;
				GCC_WARN_UNUSED_VARIABLE = YES;
				IPHONEOS_DEPLOYMENT_TARGET = 16.4;
				MTL_ENABLE_DEBUG_INFO = NO;
				MTL_FAST_MATH = YES;
				SDKROOT = iphoneos;
				SWIFT_COMPILATION_MODE = wholemodule;
				SWIFT_OPTIMIZATION_LEVEL = "-O";
				VALIDATE_PRODUCT = YES;
			};
			name = Release;
		};
		216B107F2A60C9080005BD33 /* Debug */ = {
			isa = XCBuildConfiguration;
			buildSettings = {
				ASSETCATALOG_COMPILER_APPICON_NAME = AppIcon;
				ASSETCATALOG_COMPILER_GLOBAL_ACCENT_COLOR_NAME = AccentColor;
				CODE_SIGN_STYLE = Automatic;
				CURRENT_PROJECT_VERSION = 1;
				DEVELOPMENT_TEAM = FAZK9HPT8S;
				GENERATE_INFOPLIST_FILE = YES;
				INFOPLIST_FILE = "Upcoming Events/Resource/Info.plist";
				INFOPLIST_KEY_NSCameraUsageDescription = "To take photos of youer event's pls active the camera usage";
				INFOPLIST_KEY_UIApplicationSupportsIndirectInputEvents = YES;
				INFOPLIST_KEY_UILaunchStoryboardName = LaunchScreen.storyboard;
				INFOPLIST_KEY_UISupportedInterfaceOrientations = "UIInterfaceOrientationLandscapeRight UIInterfaceOrientationPortrait";
				INFOPLIST_KEY_UISupportedInterfaceOrientations_iPad = "UIInterfaceOrientationLandscapeLeft UIInterfaceOrientationLandscapeRight UIInterfaceOrientationPortrait UIInterfaceOrientationPortraitUpsideDown";
				IPHONEOS_DEPLOYMENT_TARGET = 16.0;
				LD_RUNPATH_SEARCH_PATHS = (
					"$(inherited)",
					"@executable_path/Frameworks",
				);
				MARKETING_VERSION = 1.0;
				PRODUCT_BUNDLE_IDENTIFIER = "chauteco.Upcoming-Events";
				PRODUCT_NAME = "$(TARGET_NAME)";
				SUPPORTED_PLATFORMS = "iphoneos iphonesimulator";
				SUPPORTS_MACCATALYST = NO;
				SUPPORTS_MAC_DESIGNED_FOR_IPHONE_IPAD = YES;
				SWIFT_EMIT_LOC_STRINGS = YES;
				SWIFT_VERSION = 5.0;
				TARGETED_DEVICE_FAMILY = 1;
			};
			name = Debug;
		};
		216B10802A60C9080005BD33 /* Release */ = {
			isa = XCBuildConfiguration;
			buildSettings = {
				ASSETCATALOG_COMPILER_APPICON_NAME = AppIcon;
				ASSETCATALOG_COMPILER_GLOBAL_ACCENT_COLOR_NAME = AccentColor;
				CODE_SIGN_STYLE = Automatic;
				CURRENT_PROJECT_VERSION = 1;
				DEVELOPMENT_TEAM = FAZK9HPT8S;
				GENERATE_INFOPLIST_FILE = YES;
				INFOPLIST_FILE = "Upcoming Events/Resource/Info.plist";
				INFOPLIST_KEY_NSCameraUsageDescription = "To take photos of youer event's pls active the camera usage";
				INFOPLIST_KEY_UIApplicationSupportsIndirectInputEvents = YES;
				INFOPLIST_KEY_UILaunchStoryboardName = LaunchScreen.storyboard;
				INFOPLIST_KEY_UISupportedInterfaceOrientations = "UIInterfaceOrientationLandscapeRight UIInterfaceOrientationPortrait";
				INFOPLIST_KEY_UISupportedInterfaceOrientations_iPad = "UIInterfaceOrientationLandscapeLeft UIInterfaceOrientationLandscapeRight UIInterfaceOrientationPortrait UIInterfaceOrientationPortraitUpsideDown";
				IPHONEOS_DEPLOYMENT_TARGET = 16.0;
				LD_RUNPATH_SEARCH_PATHS = (
					"$(inherited)",
					"@executable_path/Frameworks",
				);
				MARKETING_VERSION = 1.0;
				PRODUCT_BUNDLE_IDENTIFIER = "chauteco.Upcoming-Events";
				PRODUCT_NAME = "$(TARGET_NAME)";
				SUPPORTED_PLATFORMS = "iphoneos iphonesimulator";
				SUPPORTS_MACCATALYST = NO;
				SUPPORTS_MAC_DESIGNED_FOR_IPHONE_IPAD = YES;
				SWIFT_EMIT_LOC_STRINGS = YES;
				SWIFT_VERSION = 5.0;
				TARGETED_DEVICE_FAMILY = 1;
			};
			name = Release;
		};
		2179F07D2A61D99000A06653 /* Debug */ = {
			isa = XCBuildConfiguration;
			buildSettings = {
				BUNDLE_LOADER = "$(TEST_HOST)";
				CODE_SIGN_STYLE = Automatic;
				CURRENT_PROJECT_VERSION = 1;
				DEVELOPMENT_TEAM = FAZK9HPT8S;
				GENERATE_INFOPLIST_FILE = YES;
				MARKETING_VERSION = 1.0;
				PRODUCT_BUNDLE_IDENTIFIER = "chauteco.Upcoming-EventsTests";
				PRODUCT_NAME = "$(TARGET_NAME)";
				SWIFT_EMIT_LOC_STRINGS = NO;
				SWIFT_VERSION = 5.0;
				TARGETED_DEVICE_FAMILY = "1,2";
				TEST_HOST = "$(BUILT_PRODUCTS_DIR)/Upcoming Events.app/$(BUNDLE_EXECUTABLE_FOLDER_PATH)/Upcoming Events";
			};
			name = Debug;
		};
		2179F07E2A61D99000A06653 /* Release */ = {
			isa = XCBuildConfiguration;
			buildSettings = {
				BUNDLE_LOADER = "$(TEST_HOST)";
				CODE_SIGN_STYLE = Automatic;
				CURRENT_PROJECT_VERSION = 1;
				DEVELOPMENT_TEAM = FAZK9HPT8S;
				GENERATE_INFOPLIST_FILE = YES;
				MARKETING_VERSION = 1.0;
				PRODUCT_BUNDLE_IDENTIFIER = "chauteco.Upcoming-EventsTests";
				PRODUCT_NAME = "$(TARGET_NAME)";
				SWIFT_EMIT_LOC_STRINGS = NO;
				SWIFT_VERSION = 5.0;
				TARGETED_DEVICE_FAMILY = "1,2";
				TEST_HOST = "$(BUILT_PRODUCTS_DIR)/Upcoming Events.app/$(BUNDLE_EXECUTABLE_FOLDER_PATH)/Upcoming Events";
			};
			name = Release;
		};
/* End XCBuildConfiguration section */

/* Begin XCConfigurationList section */
		216B10652A60C9070005BD33 /* Build configuration list for PBXProject "Upcoming Events" */ = {
			isa = XCConfigurationList;
			buildConfigurations = (
				216B107C2A60C9080005BD33 /* Debug */,
				216B107D2A60C9080005BD33 /* Release */,
			);
			defaultConfigurationIsVisible = 0;
			defaultConfigurationName = Release;
		};
		216B107E2A60C9080005BD33 /* Build configuration list for PBXNativeTarget "Upcoming Events" */ = {
			isa = XCConfigurationList;
			buildConfigurations = (
				216B107F2A60C9080005BD33 /* Debug */,
				216B10802A60C9080005BD33 /* Release */,
			);
			defaultConfigurationIsVisible = 0;
			defaultConfigurationName = Release;
		};
		2179F07C2A61D99000A06653 /* Build configuration list for PBXNativeTarget "Upcoming EventsTests" */ = {
			isa = XCConfigurationList;
			buildConfigurations = (
				2179F07D2A61D99000A06653 /* Debug */,
				2179F07E2A61D99000A06653 /* Release */,
			);
			defaultConfigurationIsVisible = 0;
			defaultConfigurationName = Release;
		};
/* End XCConfigurationList section */
	};
	rootObject = 216B10622A60C9070005BD33 /* Project object */;
}
